
Microsoft Visual Studio Solution File, Format Version 12.00
# Visual Studio Version 16
VisualStudioVersion = 16.0.31205.134
MinimumVisualStudioVersion = 10.0.40219.1
Project("{FAE04EC0-301F-11D3-BF4B-00C04F79EFBC}") = "Week8Rubrica", "Week8Rubrica\Week8Rubrica.csproj", "{86C75E53-A902-429D-84A8-7BCBBB8D7829}"
EndProject
Project("{FAE04EC0-301F-11D3-BF4B-00C04F79EFBC}") = "Week8Rubrica.Core", "Week8Rubrica.Core\Week8Rubrica.Core.csproj", "{9017E76E-DBD0-4D28-A2F5-E53F43997E61}"
EndProject
Project("{FAE04EC0-301F-11D3-BF4B-00C04F79EFBC}") = "Week8Rubrica.RepositoryMock", "Week8Rubrica.RepositoryMock\Week8Rubrica.RepositoryMock.csproj", "{46CF3933-FE88-4A09-AF1C-CC0F3AFF5AF7}"
EndProject
Project("{FAE04EC0-301F-11D3-BF4B-00C04F79EFBC}") = "Week8Rubrica.RepositoryADO", "Week8Rubrica.RepositoryADO\Week8Rubrica.RepositoryADO.csproj", "{761E3922-307B-4C01-B158-8FA5DFED6F99}"
EndProject
Project("{FAE04EC0-301F-11D3-BF4B-00C04F79EFBC}") = "Week8Rubrica.Test", "Week8Rubrica.Test\Week8Rubrica.Test.csproj", "{A9A622AA-E640-4FB9-8FC7-E954CFD7D9CC}"
EndProject
Global
	GlobalSection(SolutionConfigurationPlatforms) = preSolution
		Debug|Any CPU = Debug|Any CPU
		Release|Any CPU = Release|Any CPU
	EndGlobalSection
	GlobalSection(ProjectConfigurationPlatforms) = postSolution
		{86C75E53-A902-429D-84A8-7BCBBB8D7829}.Debug|Any CPU.ActiveCfg = Debug|Any CPU
		{86C75E53-A902-429D-84A8-7BCBBB8D7829}.Debug|Any CPU.Build.0 = Debug|Any CPU
		{86C75E53-A902-429D-84A8-7BCBBB8D7829}.Release|Any CPU.ActiveCfg = Release|Any CPU
		{86C75E53-A902-429D-84A8-7BCBBB8D7829}.Release|Any CPU.Build.0 = Release|Any CPU
		{9017E76E-DBD0-4D28-A2F5-E53F43997E61}.Debug|Any CPU.ActiveCfg = Debug|Any CPU
		{9017E76E-DBD0-4D28-A2F5-E53F43997E61}.Debug|Any CPU.Build.0 = Debug|Any CPU
		{9017E76E-DBD0-4D28-A2F5-E53F43997E61}.Release|Any CPU.ActiveCfg = Release|Any CPU
		{9017E76E-DBD0-4D28-A2F5-E53F43997E61}.Release|Any CPU.Build.0 = Release|Any CPU
		{46CF3933-FE88-4A09-AF1C-CC0F3AFF5AF7}.Debug|Any CPU.ActiveCfg = Debug|Any CPU
		{46CF3933-FE88-4A09-AF1C-CC0F3AFF5AF7}.Debug|Any CPU.Build.0 = Debug|Any CPU
		{46CF3933-FE88-4A09-AF1C-CC0F3AFF5AF7}.Release|Any CPU.ActiveCfg = Release|Any CPU
		{46CF3933-FE88-4A09-AF1C-CC0F3AFF5AF7}.Release|Any CPU.Build.0 = Release|Any CPU
		{761E3922-307B-4C01-B158-8FA5DFED6F99}.Debug|Any CPU.ActiveCfg = Debug|Any CPU
		{761E3922-307B-4C01-B158-8FA5DFED6F99}.Debug|Any CPU.Build.0 = Debug|Any CPU
		{761E3922-307B-4C01-B158-8FA5DFED6F99}.Release|Any CPU.ActiveCfg = Release|Any CPU
		{761E3922-307B-4C01-B158-8FA5DFED6F99}.Release|Any CPU.Build.0 = Release|Any CPU
		{A9A622AA-E640-4FB9-8FC7-E954CFD7D9CC}.Debug|Any CPU.ActiveCfg = Debug|Any CPU
		{A9A622AA-E640-4FB9-8FC7-E954CFD7D9CC}.Debug|Any CPU.Build.0 = Debug|Any CPU
		{A9A622AA-E640-4FB9-8FC7-E954CFD7D9CC}.Release|Any CPU.ActiveCfg = Release|Any CPU
		{A9A622AA-E640-4FB9-8FC7-E954CFD7D9CC}.Release|Any CPU.Build.0 = Release|Any CPU
	EndGlobalSection
	GlobalSection(SolutionProperties) = preSolution
		HideSolutionNode = FALSE
	EndGlobalSection
	GlobalSection(ExtensibilityGlobals) = postSolution
		SolutionGuid = {C46DCB20-046F-4DBD-8EF6-FF7F82140723}
	EndGlobalSection
EndGlobal
